
Microsoft Visual Studio Solution File, Format Version 12.00
# Visual Studio Version 16
VisualStudioVersion = 16.0.30114.105
MinimumVisualStudioVersion = 10.0.40219.1
Project("{FAE04EC0-301F-11D3-BF4B-00C04F79EFBC}") = "Clase9", "Clase9\Clase9.csproj", "{B7C53659-2DA8-4087-AE1C-C202796BD848}"
EndProject
Project("{FAE04EC0-301F-11D3-BF4B-00C04F79EFBC}") = "ClienteConsola", "ClienteConsola\ClienteConsola.csproj", "{E77B3E94-2521-41EA-BD17-A2B466170DDD}"
EndProject
Global
	GlobalSection(SolutionConfigurationPlatforms) = preSolution
		Debug|Any CPU = Debug|Any CPU
		Release|Any CPU = Release|Any CPU
	EndGlobalSection
	GlobalSection(ProjectConfigurationPlatforms) = postSolution
		{B7C53659-2DA8-4087-AE1C-C202796BD848}.Debug|Any CPU.ActiveCfg = Debug|Any CPU
		{B7C53659-2DA8-4087-AE1C-C202796BD848}.Debug|Any CPU.Build.0 = Debug|Any CPU
		{B7C53659-2DA8-4087-AE1C-C202796BD848}.Release|Any CPU.ActiveCfg = Release|Any CPU
		{B7C53659-2DA8-4087-AE1C-C202796BD848}.Release|Any CPU.Build.0 = Release|Any CPU
		{E77B3E94-2521-41EA-BD17-A2B466170DDD}.Debug|Any CPU.ActiveCfg = Debug|Any CPU
		{E77B3E94-2521-41EA-BD17-A2B466170DDD}.Debug|Any CPU.Build.0 = Debug|Any CPU
		{E77B3E94-2521-41EA-BD17-A2B466170DDD}.Release|Any CPU.ActiveCfg = Release|Any CPU
		{E77B3E94-2521-41EA-BD17-A2B466170DDD}.Release|Any CPU.Build.0 = Release|Any CPU
	EndGlobalSection
	GlobalSection(SolutionProperties) = preSolution
		HideSolutionNode = FALSE
	EndGlobalSection
	GlobalSection(ExtensibilityGlobals) = postSolution
		SolutionGuid = {1D2630FA-A925-4EC4-A506-4A4C07AEA1F4}
	EndGlobalSection
EndGlobal
